// !$*UTF8*$!
{
	archiveVersion = 1;
	classes = {
	};
	objectVersion = 55;
	objects = {

/* Begin PBXBuildFile section */
		4D24E16F27205A6600A30B58 /* TickerCoreDataModel.xcdatamodeld in Sources */ = {isa = PBXBuildFile; fileRef = 4D24E16D27205A6600A30B58 /* TickerCoreDataModel.xcdatamodeld */; };
		4D3466612707923B003B4A99 /* ListPresenter.swift in Sources */ = {isa = PBXBuildFile; fileRef = 4D3466602707923B003B4A99 /* ListPresenter.swift */; };
		4D34666327079322003B4A99 /* AssemblyModuleBuilder.swift in Sources */ = {isa = PBXBuildFile; fileRef = 4D34666227079322003B4A99 /* AssemblyModuleBuilder.swift */; };
		4D34666727079591003B4A99 /* ListSearchCell.swift in Sources */ = {isa = PBXBuildFile; fileRef = 4D34666627079591003B4A99 /* ListSearchCell.swift */; };
		4D34666A270795C7003B4A99 /* SimpleButton.swift in Sources */ = {isa = PBXBuildFile; fileRef = 4D346669270795C7003B4A99 /* SimpleButton.swift */; };
		4D34666F27079858003B4A99 /* Styles.swift in Sources */ = {isa = PBXBuildFile; fileRef = 4D34666E27079858003B4A99 /* Styles.swift */; };
		4D34667127079865003B4A99 /* Localization.swift in Sources */ = {isa = PBXBuildFile; fileRef = 4D34667027079865003B4A99 /* Localization.swift */; };
		4D34667327079BE5003B4A99 /* UIColor + Extension.swift in Sources */ = {isa = PBXBuildFile; fileRef = 4D34667227079BE5003B4A99 /* UIColor + Extension.swift */; };
		4D3466752707A283003B4A99 /* ListStocksCell.swift in Sources */ = {isa = PBXBuildFile; fileRef = 4D3466742707A283003B4A99 /* ListStocksCell.swift */; };
		4D3466772707A4EA003B4A99 /* ListModel.swift in Sources */ = {isa = PBXBuildFile; fileRef = 4D3466762707A4EA003B4A99 /* ListModel.swift */; };
		4D3466792707A613003B4A99 /* ListStocksHeader.swift in Sources */ = {isa = PBXBuildFile; fileRef = 4D3466782707A613003B4A99 /* ListStocksHeader.swift */; };
		4D34667F2707D2E3003B4A99 /* AnimatedStockButton.swift in Sources */ = {isa = PBXBuildFile; fileRef = 4D34667E2707D2E3003B4A99 /* AnimatedStockButton.swift */; };
		4D4C7FD127349EB2002D87BC /* RequestsView.swift in Sources */ = {isa = PBXBuildFile; fileRef = 4D4C7FD027349EB2002D87BC /* RequestsView.swift */; };
		4D4C7FD42734A79A002D87BC /* StockBarCollectionView.swift in Sources */ = {isa = PBXBuildFile; fileRef = 4D4C7FD32734A79A002D87BC /* StockBarCollectionView.swift */; };
		4D4C7FD62734AA9E002D87BC /* StockBarCollectionCell.swift in Sources */ = {isa = PBXBuildFile; fileRef = 4D4C7FD52734AA9E002D87BC /* StockBarCollectionCell.swift */; };
		4D5B65E8270B247A001F7F15 /* SimpleAnimatedButton.swift in Sources */ = {isa = PBXBuildFile; fileRef = 4D5B65E7270B247A001F7F15 /* SimpleAnimatedButton.swift */; };
		4D62F6B22730B80500946902 /* RequestCollectionLayout.swift in Sources */ = {isa = PBXBuildFile; fileRef = 4D62F6B12730B80500946902 /* RequestCollectionLayout.swift */; };
		4D73365D271A0DE300B220EF /* AboutCompanyCell.swift in Sources */ = {isa = PBXBuildFile; fileRef = 4D73365C271A0DE300B220EF /* AboutCompanyCell.swift */; };
		4D73365F271AF7BF00B220EF /* SearchPresenter.swift in Sources */ = {isa = PBXBuildFile; fileRef = 4D73365E271AF7BF00B220EF /* SearchPresenter.swift */; };
		4D733668271B32D000B220EF /* RequestCollectionCell.swift in Sources */ = {isa = PBXBuildFile; fileRef = 4D733667271B32D000B220EF /* RequestCollectionCell.swift */; };
		4D7A0E532708BED1002A6274 /* SearchViewController.swift in Sources */ = {isa = PBXBuildFile; fileRef = 4D7A0E522708BED1002A6274 /* SearchViewController.swift */; };
		4DA6B5C82716DC3C00BAB0E2 /* ChartTableView.swift in Sources */ = {isa = PBXBuildFile; fileRef = 4DA6B5C72716DC3C00BAB0E2 /* ChartTableView.swift */; };
		4DA6B5CA2716FFD300BAB0E2 /* Formatter + Extension.swift in Sources */ = {isa = PBXBuildFile; fileRef = 4DA6B5C92716FFD300BAB0E2 /* Formatter + Extension.swift */; };
		4DA6B5CD2717014F00BAB0E2 /* Double + Extension.swift in Sources */ = {isa = PBXBuildFile; fileRef = 4DA6B5CC2717014F00BAB0E2 /* Double + Extension.swift */; };
		4DA6B5CF271704D500BAB0E2 /* String + Extension.swift in Sources */ = {isa = PBXBuildFile; fileRef = 4DA6B5CE271704D500BAB0E2 /* String + Extension.swift */; };
		4DA6B5D12717323F00BAB0E2 /* SummaryStockCell.swift in Sources */ = {isa = PBXBuildFile; fileRef = 4DA6B5D02717323F00BAB0E2 /* SummaryStockCell.swift */; };
		4DA6B5D32717329300BAB0E2 /* SummaryTableView.swift in Sources */ = {isa = PBXBuildFile; fileRef = 4DA6B5D22717329300BAB0E2 /* SummaryTableView.swift */; };
		4DA6B5D62717842F00BAB0E2 /* StockPriceTableViewCell.swift in Sources */ = {isa = PBXBuildFile; fileRef = 4DA6B5D52717842F00BAB0E2 /* StockPriceTableViewCell.swift */; };
		4DA6B5D827185C3800BAB0E2 /* PreparedStock.swift in Sources */ = {isa = PBXBuildFile; fileRef = 4DA6B5D727185C3800BAB0E2 /* PreparedStock.swift */; };
		4DA6B5DB271872D000BAB0E2 /* SummaryTableViewCell.swift in Sources */ = {isa = PBXBuildFile; fileRef = 4DA6B5DA271872D000BAB0E2 /* SummaryTableViewCell.swift */; };
		4DACEA23271382E100DA769D /* StockViewController.swift in Sources */ = {isa = PBXBuildFile; fileRef = 4DACEA22271382E100DA769D /* StockViewController.swift */; };
		4DACEA262713868100DA769D /* UIStockBar.swift in Sources */ = {isa = PBXBuildFile; fileRef = 4DACEA252713868100DA769D /* UIStockBar.swift */; };
		4DAEE7F927078AEA008D1D77 /* AppDelegate.swift in Sources */ = {isa = PBXBuildFile; fileRef = 4DAEE7F827078AEA008D1D77 /* AppDelegate.swift */; };
		4DAEE80227078AEB008D1D77 /* Assets.xcassets in Resources */ = {isa = PBXBuildFile; fileRef = 4DAEE80127078AEB008D1D77 /* Assets.xcassets */; };
		4DAEE80527078AEB008D1D77 /* LaunchScreen.storyboard in Resources */ = {isa = PBXBuildFile; fileRef = 4DAEE80327078AEB008D1D77 /* LaunchScreen.storyboard */; };
		4DAEE80F27078BC5008D1D77 /* UIView + Extension.swift in Sources */ = {isa = PBXBuildFile; fileRef = 4DAEE80E27078BC5008D1D77 /* UIView + Extension.swift */; };
		4DAEE81127078C29008D1D77 /* ListViewController.swift in Sources */ = {isa = PBXBuildFile; fileRef = 4DAEE81027078C29008D1D77 /* ListViewController.swift */; };
		4DAEE81327078F22008D1D77 /* .gitignore in Resources */ = {isa = PBXBuildFile; fileRef = 4DAEE81227078F22008D1D77 /* .gitignore */; };
		4DAEE8192707903A008D1D77 /* ListStocksTableView.swift in Sources */ = {isa = PBXBuildFile; fileRef = 4DAEE81827079039008D1D77 /* ListStocksTableView.swift */; };
		4DAEFC72273367AF008824ED /* PopularRequestCollectionView.swift in Sources */ = {isa = PBXBuildFile; fileRef = 4DAEFC71273367AF008824ED /* PopularRequestCollectionView.swift */; };
		4DBEB20E270CCB63005A7E6D /* PreconditionFailedCalls.swift in Sources */ = {isa = PBXBuildFile; fileRef = 4DBEB20D270CCB63005A7E6D /* PreconditionFailedCalls.swift */; };
		4DBEB215270CD82F005A7E6D /* ImageNames.swift in Sources */ = {isa = PBXBuildFile; fileRef = 4DBEB214270CD82F005A7E6D /* ImageNames.swift */; };
		4DD87A79270A451A00EC73D3 /* CustomSearchBar.swift in Sources */ = {isa = PBXBuildFile; fileRef = 4DD87A78270A451A00EC73D3 /* CustomSearchBar.swift */; };
		4DD87A7B270A5D8F00EC73D3 /* UISearchBar + Extension.swift in Sources */ = {isa = PBXBuildFile; fileRef = 4DD87A7A270A5D8F00EC73D3 /* UISearchBar + Extension.swift */; };
		4DDB2E71271479AE0037AFDF /* ChartStockCell.swift in Sources */ = {isa = PBXBuildFile; fileRef = 4DDB2E70271479AE0037AFDF /* ChartStockCell.swift */; };
		4DDB2E742714B78E0037AFDF /* NetworkService.swift in Sources */ = {isa = PBXBuildFile; fileRef = 4DDB2E732714B78E0037AFDF /* NetworkService.swift */; };
		4DDB2E782714B9410037AFDF /* ServiceTocken.swift in Sources */ = {isa = PBXBuildFile; fileRef = 4DDB2E772714B9410037AFDF /* ServiceTocken.swift */; };
		4DDB2E7A2714C4F80037AFDF /* NetworkStock.swift in Sources */ = {isa = PBXBuildFile; fileRef = 4DDB2E792714C4F80037AFDF /* NetworkStock.swift */; };
		4DDB2E7D2714C69A0037AFDF /* DataStocks.swift in Sources */ = {isa = PBXBuildFile; fileRef = 4DDB2E7C2714C69A0037AFDF /* DataStocks.swift */; };
		4DDB2E7F2715CEC80037AFDF /* Router.swift in Sources */ = {isa = PBXBuildFile; fileRef = 4DDB2E7E2715CEC80037AFDF /* Router.swift */; };
		4DDB2E81271612A00037AFDF /* StockPresenter.swift in Sources */ = {isa = PBXBuildFile; fileRef = 4DDB2E80271612A00037AFDF /* StockPresenter.swift */; };
/* End PBXBuildFile section */

/* Begin PBXFileReference section */
		4D24E16E27205A6600A30B58 /* TickerCoreDataModel.xcdatamodel */ = {isa = PBXFileReference; lastKnownFileType = wrapper.xcdatamodel; path = TickerCoreDataModel.xcdatamodel; sourceTree = "<group>"; };
		4D3466602707923B003B4A99 /* ListPresenter.swift */ = {isa = PBXFileReference; lastKnownFileType = sourcecode.swift; path = ListPresenter.swift; sourceTree = "<group>"; };
		4D34666227079322003B4A99 /* AssemblyModuleBuilder.swift */ = {isa = PBXFileReference; lastKnownFileType = sourcecode.swift; path = AssemblyModuleBuilder.swift; sourceTree = "<group>"; };
		4D34666627079591003B4A99 /* ListSearchCell.swift */ = {isa = PBXFileReference; lastKnownFileType = sourcecode.swift; path = ListSearchCell.swift; sourceTree = "<group>"; };
		4D346669270795C7003B4A99 /* SimpleButton.swift */ = {isa = PBXFileReference; lastKnownFileType = sourcecode.swift; path = SimpleButton.swift; sourceTree = "<group>"; };
		4D34666E27079858003B4A99 /* Styles.swift */ = {isa = PBXFileReference; lastKnownFileType = sourcecode.swift; path = Styles.swift; sourceTree = "<group>"; };
		4D34667027079865003B4A99 /* Localization.swift */ = {isa = PBXFileReference; lastKnownFileType = sourcecode.swift; path = Localization.swift; sourceTree = "<group>"; };
		4D34667227079BE5003B4A99 /* UIColor + Extension.swift */ = {isa = PBXFileReference; lastKnownFileType = sourcecode.swift; path = "UIColor + Extension.swift"; sourceTree = "<group>"; };
		4D3466742707A283003B4A99 /* ListStocksCell.swift */ = {isa = PBXFileReference; lastKnownFileType = sourcecode.swift; path = ListStocksCell.swift; sourceTree = "<group>"; };
		4D3466762707A4EA003B4A99 /* ListModel.swift */ = {isa = PBXFileReference; lastKnownFileType = sourcecode.swift; path = ListModel.swift; sourceTree = "<group>"; };
		4D3466782707A613003B4A99 /* ListStocksHeader.swift */ = {isa = PBXFileReference; lastKnownFileType = sourcecode.swift; path = ListStocksHeader.swift; sourceTree = "<group>"; };
		4D34667E2707D2E3003B4A99 /* AnimatedStockButton.swift */ = {isa = PBXFileReference; lastKnownFileType = sourcecode.swift; path = AnimatedStockButton.swift; sourceTree = "<group>"; };
		4D4C7FD027349EB2002D87BC /* RequestsView.swift */ = {isa = PBXFileReference; lastKnownFileType = sourcecode.swift; path = RequestsView.swift; sourceTree = "<group>"; };
		4D4C7FD32734A79A002D87BC /* StockBarCollectionView.swift */ = {isa = PBXFileReference; lastKnownFileType = sourcecode.swift; path = StockBarCollectionView.swift; sourceTree = "<group>"; };
		4D4C7FD52734AA9E002D87BC /* StockBarCollectionCell.swift */ = {isa = PBXFileReference; lastKnownFileType = sourcecode.swift; path = StockBarCollectionCell.swift; sourceTree = "<group>"; };
		4D5B65E7270B247A001F7F15 /* SimpleAnimatedButton.swift */ = {isa = PBXFileReference; lastKnownFileType = sourcecode.swift; path = SimpleAnimatedButton.swift; sourceTree = "<group>"; };
		4D62F6B12730B80500946902 /* RequestCollectionLayout.swift */ = {isa = PBXFileReference; lastKnownFileType = sourcecode.swift; path = RequestCollectionLayout.swift; sourceTree = "<group>"; };
		4D73365C271A0DE300B220EF /* AboutCompanyCell.swift */ = {isa = PBXFileReference; lastKnownFileType = sourcecode.swift; path = AboutCompanyCell.swift; sourceTree = "<group>"; };
		4D73365E271AF7BF00B220EF /* SearchPresenter.swift */ = {isa = PBXFileReference; lastKnownFileType = sourcecode.swift; path = SearchPresenter.swift; sourceTree = "<group>"; };
		4D733667271B32D000B220EF /* RequestCollectionCell.swift */ = {isa = PBXFileReference; lastKnownFileType = sourcecode.swift; path = RequestCollectionCell.swift; sourceTree = "<group>"; };
		4D7A0E522708BED1002A6274 /* SearchViewController.swift */ = {isa = PBXFileReference; lastKnownFileType = sourcecode.swift; path = SearchViewController.swift; sourceTree = "<group>"; };
		4DA6B5C72716DC3C00BAB0E2 /* ChartTableView.swift */ = {isa = PBXFileReference; lastKnownFileType = sourcecode.swift; path = ChartTableView.swift; sourceTree = "<group>"; };
		4DA6B5C92716FFD300BAB0E2 /* Formatter + Extension.swift */ = {isa = PBXFileReference; lastKnownFileType = sourcecode.swift; path = "Formatter + Extension.swift"; sourceTree = "<group>"; };
		4DA6B5CC2717014F00BAB0E2 /* Double + Extension.swift */ = {isa = PBXFileReference; lastKnownFileType = sourcecode.swift; path = "Double + Extension.swift"; sourceTree = "<group>"; };
		4DA6B5CE271704D500BAB0E2 /* String + Extension.swift */ = {isa = PBXFileReference; lastKnownFileType = sourcecode.swift; path = "String + Extension.swift"; sourceTree = "<group>"; };
		4DA6B5D02717323F00BAB0E2 /* SummaryStockCell.swift */ = {isa = PBXFileReference; lastKnownFileType = sourcecode.swift; path = SummaryStockCell.swift; sourceTree = "<group>"; };
		4DA6B5D22717329300BAB0E2 /* SummaryTableView.swift */ = {isa = PBXFileReference; lastKnownFileType = sourcecode.swift; path = SummaryTableView.swift; sourceTree = "<group>"; };
		4DA6B5D52717842F00BAB0E2 /* StockPriceTableViewCell.swift */ = {isa = PBXFileReference; lastKnownFileType = sourcecode.swift; path = StockPriceTableViewCell.swift; sourceTree = "<group>"; };
		4DA6B5D727185C3800BAB0E2 /* PreparedStock.swift */ = {isa = PBXFileReference; lastKnownFileType = sourcecode.swift; path = PreparedStock.swift; sourceTree = "<group>"; };
		4DA6B5DA271872D000BAB0E2 /* SummaryTableViewCell.swift */ = {isa = PBXFileReference; lastKnownFileType = sourcecode.swift; path = SummaryTableViewCell.swift; sourceTree = "<group>"; };
		4DACEA22271382E100DA769D /* StockViewController.swift */ = {isa = PBXFileReference; lastKnownFileType = sourcecode.swift; path = StockViewController.swift; sourceTree = "<group>"; };
		4DACEA252713868100DA769D /* UIStockBar.swift */ = {isa = PBXFileReference; lastKnownFileType = sourcecode.swift; path = UIStockBar.swift; sourceTree = "<group>"; };
		4DAEE7F527078AEA008D1D77 /* StocksApp.app */ = {isa = PBXFileReference; explicitFileType = wrapper.application; includeInIndex = 0; path = StocksApp.app; sourceTree = BUILT_PRODUCTS_DIR; };
		4DAEE7F827078AEA008D1D77 /* AppDelegate.swift */ = {isa = PBXFileReference; lastKnownFileType = sourcecode.swift; path = AppDelegate.swift; sourceTree = "<group>"; };
		4DAEE80127078AEB008D1D77 /* Assets.xcassets */ = {isa = PBXFileReference; lastKnownFileType = folder.assetcatalog; path = Assets.xcassets; sourceTree = "<group>"; };
		4DAEE80427078AEB008D1D77 /* Base */ = {isa = PBXFileReference; lastKnownFileType = file.storyboard; name = Base; path = Base.lproj/LaunchScreen.storyboard; sourceTree = "<group>"; };
		4DAEE80627078AEB008D1D77 /* Info.plist */ = {isa = PBXFileReference; lastKnownFileType = text.plist.xml; path = Info.plist; sourceTree = "<group>"; };
		4DAEE80E27078BC5008D1D77 /* UIView + Extension.swift */ = {isa = PBXFileReference; lastKnownFileType = sourcecode.swift; path = "UIView + Extension.swift"; sourceTree = "<group>"; };
		4DAEE81027078C29008D1D77 /* ListViewController.swift */ = {isa = PBXFileReference; lastKnownFileType = sourcecode.swift; path = ListViewController.swift; sourceTree = "<group>"; };
		4DAEE81227078F22008D1D77 /* .gitignore */ = {isa = PBXFileReference; lastKnownFileType = text; path = .gitignore; sourceTree = "<group>"; };
		4DAEE81827079039008D1D77 /* ListStocksTableView.swift */ = {isa = PBXFileReference; lastKnownFileType = sourcecode.swift; path = ListStocksTableView.swift; sourceTree = "<group>"; };
		4DAEFC71273367AF008824ED /* PopularRequestCollectionView.swift */ = {isa = PBXFileReference; lastKnownFileType = sourcecode.swift; path = PopularRequestCollectionView.swift; sourceTree = "<group>"; };
		4DBEB20D270CCB63005A7E6D /* PreconditionFailedCalls.swift */ = {isa = PBXFileReference; lastKnownFileType = sourcecode.swift; path = PreconditionFailedCalls.swift; sourceTree = "<group>"; };
		4DBEB214270CD82F005A7E6D /* ImageNames.swift */ = {isa = PBXFileReference; lastKnownFileType = sourcecode.swift; path = ImageNames.swift; sourceTree = "<group>"; };
		4DD87A78270A451A00EC73D3 /* CustomSearchBar.swift */ = {isa = PBXFileReference; lastKnownFileType = sourcecode.swift; path = CustomSearchBar.swift; sourceTree = "<group>"; };
		4DD87A7A270A5D8F00EC73D3 /* UISearchBar + Extension.swift */ = {isa = PBXFileReference; lastKnownFileType = sourcecode.swift; path = "UISearchBar + Extension.swift"; sourceTree = "<group>"; };
		4DDB2E70271479AE0037AFDF /* ChartStockCell.swift */ = {isa = PBXFileReference; lastKnownFileType = sourcecode.swift; path = ChartStockCell.swift; sourceTree = "<group>"; };
		4DDB2E732714B78E0037AFDF /* NetworkService.swift */ = {isa = PBXFileReference; lastKnownFileType = sourcecode.swift; path = NetworkService.swift; sourceTree = "<group>"; };
		4DDB2E772714B9410037AFDF /* ServiceTocken.swift */ = {isa = PBXFileReference; lastKnownFileType = sourcecode.swift; path = ServiceTocken.swift; sourceTree = "<group>"; };
		4DDB2E792714C4F80037AFDF /* NetworkStock.swift */ = {isa = PBXFileReference; lastKnownFileType = sourcecode.swift; path = NetworkStock.swift; sourceTree = "<group>"; };
		4DDB2E7C2714C69A0037AFDF /* DataStocks.swift */ = {isa = PBXFileReference; lastKnownFileType = sourcecode.swift; path = DataStocks.swift; sourceTree = "<group>"; };
		4DDB2E7E2715CEC80037AFDF /* Router.swift */ = {isa = PBXFileReference; lastKnownFileType = sourcecode.swift; path = Router.swift; sourceTree = "<group>"; };
		4DDB2E80271612A00037AFDF /* StockPresenter.swift */ = {isa = PBXFileReference; lastKnownFileType = sourcecode.swift; path = StockPresenter.swift; sourceTree = "<group>"; };
/* End PBXFileReference section */

/* Begin PBXFrameworksBuildPhase section */
		4DAEE7F227078AEA008D1D77 /* Frameworks */ = {
			isa = PBXFrameworksBuildPhase;
			buildActionMask = 2147483647;
			files = (
			);
			runOnlyForDeploymentPostprocessing = 0;
		};
/* End PBXFrameworksBuildPhase section */

/* Begin PBXGroup section */
		4D24E1462720539F00A30B58 /* CoreDataService */ = {
			isa = PBXGroup;
			children = (
				4D24E16D27205A6600A30B58 /* TickerCoreDataModel.xcdatamodeld */,
			);
			path = CoreDataService;
			sourceTree = "<group>";
		};
		4D34665D2707920B003B4A99 /* Model */ = {
			isa = PBXGroup;
			children = (
				4D3466762707A4EA003B4A99 /* ListModel.swift */,
			);
			path = Model;
			sourceTree = "<group>";
		};
		4D34665E27079212003B4A99 /* Presenter */ = {
			isa = PBXGroup;
			children = (
				4D3466602707923B003B4A99 /* ListPresenter.swift */,
			);
			path = Presenter;
			sourceTree = "<group>";
		};
		4D34665F2707921A003B4A99 /* View */ = {
			isa = PBXGroup;
			children = (
				4DAEE81027078C29008D1D77 /* ListViewController.swift */,
			);
			path = View;
			sourceTree = "<group>";
		};
		4D346664270793A2003B4A99 /* Localization */ = {
			isa = PBXGroup;
			children = (
				4D34667027079865003B4A99 /* Localization.swift */,
			);
			path = Localization;
			sourceTree = "<group>";
		};
		4D346665270793AD003B4A99 /* Styles */ = {
			isa = PBXGroup;
			children = (
				4D34666E27079858003B4A99 /* Styles.swift */,
			);
			path = Styles;
			sourceTree = "<group>";
		};
		4D346668270795A9003B4A99 /* SimpleButton */ = {
			isa = PBXGroup;
			children = (
				4D346669270795C7003B4A99 /* SimpleButton.swift */,
				4D5B65E7270B247A001F7F15 /* SimpleAnimatedButton.swift */,
			);
			path = SimpleButton;
			sourceTree = "<group>";
		};
		4D4C7FCF27349E20002D87BC /* RequestsView */ = {
			isa = PBXGroup;
			children = (
				4DAEFC71273367AF008824ED /* PopularRequestCollectionView.swift */,
				4D733667271B32D000B220EF /* RequestCollectionCell.swift */,
				4D62F6B12730B80500946902 /* RequestCollectionLayout.swift */,
				4D4C7FD027349EB2002D87BC /* RequestsView.swift */,
			);
			path = RequestsView;
			sourceTree = "<group>";
		};
		4D4C7FD22734A77E002D87BC /* ForStockBar */ = {
			isa = PBXGroup;
			children = (
				4D4C7FD32734A79A002D87BC /* StockBarCollectionView.swift */,
				4D4C7FD52734AA9E002D87BC /* StockBarCollectionCell.swift */,
			);
			path = ForStockBar;
			sourceTree = "<group>";
		};
		4D7A0E4E2708BE94002A6274 /* SearchModule */ = {
			isa = PBXGroup;
			children = (
				4D7A0E4F2708BEA3002A6274 /* Model */,
				4D7A0E512708BEB1002A6274 /* View */,
				4D7A0E502708BEA8002A6274 /* Presenter */,
			);
			path = SearchModule;
			sourceTree = "<group>";
		};
		4D7A0E4F2708BEA3002A6274 /* Model */ = {
			isa = PBXGroup;
			children = (
			);
			path = Model;
			sourceTree = "<group>";
		};
		4D7A0E502708BEA8002A6274 /* Presenter */ = {
			isa = PBXGroup;
			children = (
				4D73365E271AF7BF00B220EF /* SearchPresenter.swift */,
			);
			path = Presenter;
			sourceTree = "<group>";
		};
		4D7A0E512708BEB1002A6274 /* View */ = {
			isa = PBXGroup;
			children = (
				4D7A0E522708BED1002A6274 /* SearchViewController.swift */,
			);
			path = View;
			sourceTree = "<group>";
		};
		4D7A0E542708BF12002A6274 /* StockModule */ = {
			isa = PBXGroup;
			children = (
				4D7A0E572708BF30002A6274 /* Model */,
				4D7A0E562708BF28002A6274 /* View */,
				4D7A0E552708BF20002A6274 /* Presenter */,
			);
			path = StockModule;
			sourceTree = "<group>";
		};
		4D7A0E552708BF20002A6274 /* Presenter */ = {
			isa = PBXGroup;
			children = (
				4DDB2E80271612A00037AFDF /* StockPresenter.swift */,
			);
			path = Presenter;
			sourceTree = "<group>";
		};
		4D7A0E562708BF28002A6274 /* View */ = {
			isa = PBXGroup;
			children = (
				4DACEA22271382E100DA769D /* StockViewController.swift */,
			);
			path = View;
			sourceTree = "<group>";
		};
		4D7A0E572708BF30002A6274 /* Model */ = {
			isa = PBXGroup;
			children = (
				4DA6B5D727185C3800BAB0E2 /* PreparedStock.swift */,
			);
			path = Model;
			sourceTree = "<group>";
		};
		4DA6B5C62716DC1300BAB0E2 /* ForChartStockCell */ = {
			isa = PBXGroup;
			children = (
				4DA6B5C72716DC3C00BAB0E2 /* ChartTableView.swift */,
				4DA6B5D52717842F00BAB0E2 /* StockPriceTableViewCell.swift */,
			);
			path = ForChartStockCell;
			sourceTree = "<group>";
		};
		4DA6B5D927186BC000BAB0E2 /* ForSummaryStockCell */ = {
			isa = PBXGroup;
			children = (
				4DA6B5D22717329300BAB0E2 /* SummaryTableView.swift */,
				4DA6B5DA271872D000BAB0E2 /* SummaryTableViewCell.swift */,
				4D73365C271A0DE300B220EF /* AboutCompanyCell.swift */,
			);
			path = ForSummaryStockCell;
			sourceTree = "<group>";
		};
		4DACEA242713842A00DA769D /* ForStockModule */ = {
			isa = PBXGroup;
			children = (
				4DACEA252713868100DA769D /* UIStockBar.swift */,
				4DDB2E70271479AE0037AFDF /* ChartStockCell.swift */,
				4DA6B5D02717323F00BAB0E2 /* SummaryStockCell.swift */,
				4D4C7FD22734A77E002D87BC /* ForStockBar */,
				4DA6B5C62716DC1300BAB0E2 /* ForChartStockCell */,
				4DA6B5D927186BC000BAB0E2 /* ForSummaryStockCell */,
			);
			path = ForStockModule;
			sourceTree = "<group>";
		};
		4DAEE7EC27078AEA008D1D77 = {
			isa = PBXGroup;
			children = (
				4DAEE81227078F22008D1D77 /* .gitignore */,
				4DAEE7F727078AEA008D1D77 /* StocksApp */,
				4DAEE7F627078AEA008D1D77 /* Products */,
			);
			sourceTree = "<group>";
		};
		4DAEE7F627078AEA008D1D77 /* Products */ = {
			isa = PBXGroup;
			children = (
				4DAEE7F527078AEA008D1D77 /* StocksApp.app */,
			);
			name = Products;
			sourceTree = "<group>";
		};
		4DAEE7F727078AEA008D1D77 /* StocksApp */ = {
			isa = PBXGroup;
			children = (
				4DAEE80627078AEB008D1D77 /* Info.plist */,
				4DAEE80327078AEB008D1D77 /* LaunchScreen.storyboard */,
				4DAEE80127078AEB008D1D77 /* Assets.xcassets */,
				4DAEE7F827078AEA008D1D77 /* AppDelegate.swift */,
				4D34666227079322003B4A99 /* AssemblyModuleBuilder.swift */,
				4DDB2E7E2715CEC80037AFDF /* Router.swift */,
				4DDB2E722714B7590037AFDF /* Service */,
				4DAEE81427078FC0008D1D77 /* Modules */,
				4DAEE81627079012008D1D77 /* CustomUI */,
				4DAEE80C27078BA7008D1D77 /* Helpers */,
			);
			path = StocksApp;
			sourceTree = "<group>";
		};
		4DAEE80C27078BA7008D1D77 /* Helpers */ = {
			isa = PBXGroup;
			children = (
				4DBEB213270CD816005A7E6D /* ImageNames */,
				4D346668270795A9003B4A99 /* SimpleButton */,
				4D346665270793AD003B4A99 /* Styles */,
				4D346664270793A2003B4A99 /* Localization */,
				4DAEE80D27078BB1008D1D77 /* Extensions */,
				4DBEB20F270CCD95005A7E6D /* PreconditionFailedCalls */,
			);
			path = Helpers;
			sourceTree = "<group>";
		};
		4DAEE80D27078BB1008D1D77 /* Extensions */ = {
			isa = PBXGroup;
			children = (
				4DAEE80E27078BC5008D1D77 /* UIView + Extension.swift */,
				4D34667227079BE5003B4A99 /* UIColor + Extension.swift */,
				4DD87A7A270A5D8F00EC73D3 /* UISearchBar + Extension.swift */,
				4DA6B5C92716FFD300BAB0E2 /* Formatter + Extension.swift */,
				4DA6B5CC2717014F00BAB0E2 /* Double + Extension.swift */,
				4DA6B5CE271704D500BAB0E2 /* String + Extension.swift */,
			);
			path = Extensions;
			sourceTree = "<group>";
		};
		4DAEE81427078FC0008D1D77 /* Modules */ = {
			isa = PBXGroup;
			children = (
				4DAEE81527078FC7008D1D77 /* ListModule */,
				4D7A0E4E2708BE94002A6274 /* SearchModule */,
				4D7A0E542708BF12002A6274 /* StockModule */,
			);
			path = Modules;
			sourceTree = "<group>";
		};
		4DAEE81527078FC7008D1D77 /* ListModule */ = {
			isa = PBXGroup;
			children = (
				4D34665D2707920B003B4A99 /* Model */,
				4D34665F2707921A003B4A99 /* View */,
				4D34665E27079212003B4A99 /* Presenter */,
			);
			path = ListModule;
			sourceTree = "<group>";
		};
		4DAEE81627079012008D1D77 /* CustomUI */ = {
			isa = PBXGroup;
			children = (
				4DAEE81727079021008D1D77 /* ForListModule */,
				4DD87A75270A3DC200EC73D3 /* ForSearchModule */,
				4DACEA242713842A00DA769D /* ForStockModule */,
			);
			path = CustomUI;
			sourceTree = "<group>";
		};
		4DAEE81727079021008D1D77 /* ForListModule */ = {
			isa = PBXGroup;
			children = (
				4DAEE81827079039008D1D77 /* ListStocksTableView.swift */,
				4D3466782707A613003B4A99 /* ListStocksHeader.swift */,
				4D34666627079591003B4A99 /* ListSearchCell.swift */,
				4D3466742707A283003B4A99 /* ListStocksCell.swift */,
				4D34667E2707D2E3003B4A99 /* AnimatedStockButton.swift */,
			);
			path = ForListModule;
			sourceTree = "<group>";
		};
		4DBEB20F270CCD95005A7E6D /* PreconditionFailedCalls */ = {
			isa = PBXGroup;
			children = (
				4DBEB20D270CCB63005A7E6D /* PreconditionFailedCalls.swift */,
			);
			path = PreconditionFailedCalls;
			sourceTree = "<group>";
		};
		4DBEB213270CD816005A7E6D /* ImageNames */ = {
			isa = PBXGroup;
			children = (
				4DBEB214270CD82F005A7E6D /* ImageNames.swift */,
			);
			path = ImageNames;
			sourceTree = "<group>";
		};
		4DD87A75270A3DC200EC73D3 /* ForSearchModule */ = {
			isa = PBXGroup;
			children = (
				4DD87A78270A451A00EC73D3 /* CustomSearchBar.swift */,
				4D4C7FCF27349E20002D87BC /* RequestsView */,
			);
			path = ForSearchModule;
			sourceTree = "<group>";
		};
		4DDB2E722714B7590037AFDF /* Service */ = {
			isa = PBXGroup;
			children = (
				4DDB2E7B2714C68C0037AFDF /* Data */,
				4DDB2E752714B82F0037AFDF /* NetworkService */,
				4D24E1462720539F00A30B58 /* CoreDataService */,
			);
			path = Service;
			sourceTree = "<group>";
		};
		4DDB2E752714B82F0037AFDF /* NetworkService */ = {
			isa = PBXGroup;
			children = (
				4DDB2E762714B92C0037AFDF /* Tocken */,
				4DDB2E732714B78E0037AFDF /* NetworkService.swift */,
				4DDB2E792714C4F80037AFDF /* NetworkStock.swift */,
			);
			path = NetworkService;
			sourceTree = "<group>";
		};
		4DDB2E762714B92C0037AFDF /* Tocken */ = {
			isa = PBXGroup;
			children = (
				4DDB2E772714B9410037AFDF /* ServiceTocken.swift */,
			);
			path = Tocken;
			sourceTree = "<group>";
		};
		4DDB2E7B2714C68C0037AFDF /* Data */ = {
			isa = PBXGroup;
			children = (
				4DDB2E7C2714C69A0037AFDF /* DataStocks.swift */,
			);
			path = Data;
			sourceTree = "<group>";
		};
/* End PBXGroup section */

/* Begin PBXNativeTarget section */
		4DAEE7F427078AEA008D1D77 /* StocksApp */ = {
			isa = PBXNativeTarget;
			buildConfigurationList = 4DAEE80927078AEB008D1D77 /* Build configuration list for PBXNativeTarget "StocksApp" */;
			buildPhases = (
				4DAEE7F127078AEA008D1D77 /* Sources */,
				4DAEE7F227078AEA008D1D77 /* Frameworks */,
				4DAEE7F327078AEA008D1D77 /* Resources */,
			);
			buildRules = (
			);
			dependencies = (
			);
			name = StocksApp;
			productName = StocksApp;
			productReference = 4DAEE7F527078AEA008D1D77 /* StocksApp.app */;
			productType = "com.apple.product-type.application";
		};
/* End PBXNativeTarget section */

/* Begin PBXProject section */
		4DAEE7ED27078AEA008D1D77 /* Project object */ = {
			isa = PBXProject;
			attributes = {
				BuildIndependentTargetsInParallel = 1;
				LastSwiftUpdateCheck = 1300;
				LastUpgradeCheck = 1300;
				TargetAttributes = {
					4DAEE7F427078AEA008D1D77 = {
						CreatedOnToolsVersion = 13.0;
					};
				};
			};
			buildConfigurationList = 4DAEE7F027078AEA008D1D77 /* Build configuration list for PBXProject "StocksApp" */;
			compatibilityVersion = "Xcode 13.0";
			developmentRegion = en;
			hasScannedForEncodings = 0;
			knownRegions = (
				en,
				Base,
			);
			mainGroup = 4DAEE7EC27078AEA008D1D77;
			productRefGroup = 4DAEE7F627078AEA008D1D77 /* Products */;
			projectDirPath = "";
			projectRoot = "";
			targets = (
				4DAEE7F427078AEA008D1D77 /* StocksApp */,
			);
		};
/* End PBXProject section */

/* Begin PBXResourcesBuildPhase section */
		4DAEE7F327078AEA008D1D77 /* Resources */ = {
			isa = PBXResourcesBuildPhase;
			buildActionMask = 2147483647;
			files = (
				4DAEE80527078AEB008D1D77 /* LaunchScreen.storyboard in Resources */,
				4DAEE81327078F22008D1D77 /* .gitignore in Resources */,
				4DAEE80227078AEB008D1D77 /* Assets.xcassets in Resources */,
			);
			runOnlyForDeploymentPostprocessing = 0;
		};
/* End PBXResourcesBuildPhase section */

/* Begin PBXSourcesBuildPhase section */
		4DAEE7F127078AEA008D1D77 /* Sources */ = {
			isa = PBXSourcesBuildPhase;
			buildActionMask = 2147483647;
			files = (
				4D34666F27079858003B4A99 /* Styles.swift in Sources */,
				4DA6B5D827185C3800BAB0E2 /* PreparedStock.swift in Sources */,
				4D5B65E8270B247A001F7F15 /* SimpleAnimatedButton.swift in Sources */,
				4DDB2E7A2714C4F80037AFDF /* NetworkStock.swift in Sources */,
				4DBEB20E270CCB63005A7E6D /* PreconditionFailedCalls.swift in Sources */,
				4DACEA262713868100DA769D /* UIStockBar.swift in Sources */,
				4DD87A7B270A5D8F00EC73D3 /* UISearchBar + Extension.swift in Sources */,
				4DDB2E742714B78E0037AFDF /* NetworkService.swift in Sources */,
				4D24E16F27205A6600A30B58 /* TickerCoreDataModel.xcdatamodeld in Sources */,
				4DA6B5D12717323F00BAB0E2 /* SummaryStockCell.swift in Sources */,
				4DDB2E81271612A00037AFDF /* StockPresenter.swift in Sources */,
				4D4C7FD42734A79A002D87BC /* StockBarCollectionView.swift in Sources */,
				4DA6B5DB271872D000BAB0E2 /* SummaryTableViewCell.swift in Sources */,
				4D733668271B32D000B220EF /* RequestCollectionCell.swift in Sources */,
				4D73365D271A0DE300B220EF /* AboutCompanyCell.swift in Sources */,
				4D3466772707A4EA003B4A99 /* ListModel.swift in Sources */,
				4DA6B5D32717329300BAB0E2 /* SummaryTableView.swift in Sources */,
				4D3466612707923B003B4A99 /* ListPresenter.swift in Sources */,
				4D62F6B22730B80500946902 /* RequestCollectionLayout.swift in Sources */,
				4D4C7FD127349EB2002D87BC /* RequestsView.swift in Sources */,
				4D3466792707A613003B4A99 /* ListStocksHeader.swift in Sources */,
				4DAEE81127078C29008D1D77 /* ListViewController.swift in Sources */,
				4D34666727079591003B4A99 /* ListSearchCell.swift in Sources */,
				4DDB2E7D2714C69A0037AFDF /* DataStocks.swift in Sources */,
				4D34667F2707D2E3003B4A99 /* AnimatedStockButton.swift in Sources */,
				4D34667327079BE5003B4A99 /* UIColor + Extension.swift in Sources */,
				4D73365F271AF7BF00B220EF /* SearchPresenter.swift in Sources */,
				4DACEA23271382E100DA769D /* StockViewController.swift in Sources */,
				4D4C7FD62734AA9E002D87BC /* StockBarCollectionCell.swift in Sources */,
				4DBEB215270CD82F005A7E6D /* ImageNames.swift in Sources */,
				4DA6B5CA2716FFD300BAB0E2 /* Formatter + Extension.swift in Sources */,
				4D34666A270795C7003B4A99 /* SimpleButton.swift in Sources */,
				4DAEE80F27078BC5008D1D77 /* UIView + Extension.swift in Sources */,
				4DA6B5D62717842F00BAB0E2 /* StockPriceTableViewCell.swift in Sources */,
				4DAEFC72273367AF008824ED /* PopularRequestCollectionView.swift in Sources */,
				4D7A0E532708BED1002A6274 /* SearchViewController.swift in Sources */,
				4DDB2E7F2715CEC80037AFDF /* Router.swift in Sources */,
				4D34667127079865003B4A99 /* Localization.swift in Sources */,
				4DAEE7F927078AEA008D1D77 /* AppDelegate.swift in Sources */,
				4DA6B5CD2717014F00BAB0E2 /* Double + Extension.swift in Sources */,
				4DA6B5C82716DC3C00BAB0E2 /* ChartTableView.swift in Sources */,
				4DAEE8192707903A008D1D77 /* ListStocksTableView.swift in Sources */,
				4D34666327079322003B4A99 /* AssemblyModuleBuilder.swift in Sources */,
				4D3466752707A283003B4A99 /* ListStocksCell.swift in Sources */,
				4DA6B5CF271704D500BAB0E2 /* String + Extension.swift in Sources */,
				4DD87A79270A451A00EC73D3 /* CustomSearchBar.swift in Sources */,
				4DDB2E71271479AE0037AFDF /* ChartStockCell.swift in Sources */,
				4DDB2E782714B9410037AFDF /* ServiceTocken.swift in Sources */,
			);
			runOnlyForDeploymentPostprocessing = 0;
		};
/* End PBXSourcesBuildPhase section */

/* Begin PBXVariantGroup section */
		4DAEE80327078AEB008D1D77 /* LaunchScreen.storyboard */ = {
			isa = PBXVariantGroup;
			children = (
				4DAEE80427078AEB008D1D77 /* Base */,
			);
			name = LaunchScreen.storyboard;
			sourceTree = "<group>";
		};
/* End PBXVariantGroup section */

/* Begin XCBuildConfiguration section */
		4DAEE80727078AEB008D1D77 /* Debug */ = {
			isa = XCBuildConfiguration;
			buildSettings = {
				ALWAYS_SEARCH_USER_PATHS = NO;
				CLANG_ANALYZER_NONNULL = YES;
				CLANG_ANALYZER_NUMBER_OBJECT_CONVERSION = YES_AGGRESSIVE;
				CLANG_CXX_LANGUAGE_STANDARD = "gnu++17";
				CLANG_CXX_LIBRARY = "libc++";
				CLANG_ENABLE_MODULES = YES;
				CLANG_ENABLE_OBJC_ARC = YES;
				CLANG_ENABLE_OBJC_WEAK = YES;
				CLANG_WARN_BLOCK_CAPTURE_AUTORELEASING = YES;
				CLANG_WARN_BOOL_CONVERSION = YES;
				CLANG_WARN_COMMA = YES;
				CLANG_WARN_CONSTANT_CONVERSION = YES;
				CLANG_WARN_DEPRECATED_OBJC_IMPLEMENTATIONS = YES;
				CLANG_WARN_DIRECT_OBJC_ISA_USAGE = YES_ERROR;
				CLANG_WARN_DOCUMENTATION_COMMENTS = YES;
				CLANG_WARN_EMPTY_BODY = YES;
				CLANG_WARN_ENUM_CONVERSION = YES;
				CLANG_WARN_INFINITE_RECURSION = YES;
				CLANG_WARN_INT_CONVERSION = YES;
				CLANG_WARN_NON_LITERAL_NULL_CONVERSION = YES;
				CLANG_WARN_OBJC_IMPLICIT_RETAIN_SELF = YES;
				CLANG_WARN_OBJC_LITERAL_CONVERSION = YES;
				CLANG_WARN_OBJC_ROOT_CLASS = YES_ERROR;
				CLANG_WARN_QUOTED_INCLUDE_IN_FRAMEWORK_HEADER = YES;
				CLANG_WARN_RANGE_LOOP_ANALYSIS = YES;
				CLANG_WARN_STRICT_PROTOTYPES = YES;
				CLANG_WARN_SUSPICIOUS_MOVE = YES;
				CLANG_WARN_UNGUARDED_AVAILABILITY = YES_AGGRESSIVE;
				CLANG_WARN_UNREACHABLE_CODE = YES;
				CLANG_WARN__DUPLICATE_METHOD_MATCH = YES;
				COPY_PHASE_STRIP = NO;
				DEBUG_INFORMATION_FORMAT = dwarf;
				ENABLE_STRICT_OBJC_MSGSEND = YES;
				ENABLE_TESTABILITY = YES;
				GCC_C_LANGUAGE_STANDARD = gnu11;
				GCC_DYNAMIC_NO_PIC = NO;
				GCC_NO_COMMON_BLOCKS = YES;
				GCC_OPTIMIZATION_LEVEL = 0;
				GCC_PREPROCESSOR_DEFINITIONS = (
					"DEBUG=1",
					"$(inherited)",
				);
				GCC_WARN_64_TO_32_BIT_CONVERSION = YES;
				GCC_WARN_ABOUT_RETURN_TYPE = YES_ERROR;
				GCC_WARN_UNDECLARED_SELECTOR = YES;
				GCC_WARN_UNINITIALIZED_AUTOS = YES_AGGRESSIVE;
				GCC_WARN_UNUSED_FUNCTION = YES;
				GCC_WARN_UNUSED_VARIABLE = YES;
				IPHONEOS_DEPLOYMENT_TARGET = 12.0;
				MTL_ENABLE_DEBUG_INFO = INCLUDE_SOURCE;
				MTL_FAST_MATH = YES;
				ONLY_ACTIVE_ARCH = YES;
				SDKROOT = iphoneos;
				SWIFT_ACTIVE_COMPILATION_CONDITIONS = DEBUG;
				SWIFT_OPTIMIZATION_LEVEL = "-Onone";
			};
			name = Debug;
		};
		4DAEE80827078AEB008D1D77 /* Release */ = {
			isa = XCBuildConfiguration;
			buildSettings = {
				ALWAYS_SEARCH_USER_PATHS = NO;
				CLANG_ANALYZER_NONNULL = YES;
				CLANG_ANALYZER_NUMBER_OBJECT_CONVERSION = YES_AGGRESSIVE;
				CLANG_CXX_LANGUAGE_STANDARD = "gnu++17";
				CLANG_CXX_LIBRARY = "libc++";
				CLANG_ENABLE_MODULES = YES;
				CLANG_ENABLE_OBJC_ARC = YES;
				CLANG_ENABLE_OBJC_WEAK = YES;
				CLANG_WARN_BLOCK_CAPTURE_AUTORELEASING = YES;
				CLANG_WARN_BOOL_CONVERSION = YES;
				CLANG_WARN_COMMA = YES;
				CLANG_WARN_CONSTANT_CONVERSION = YES;
				CLANG_WARN_DEPRECATED_OBJC_IMPLEMENTATIONS = YES;
				CLANG_WARN_DIRECT_OBJC_ISA_USAGE = YES_ERROR;
				CLANG_WARN_DOCUMENTATION_COMMENTS = YES;
				CLANG_WARN_EMPTY_BODY = YES;
				CLANG_WARN_ENUM_CONVERSION = YES;
				CLANG_WARN_INFINITE_RECURSION = YES;
				CLANG_WARN_INT_CONVERSION = YES;
				CLANG_WARN_NON_LITERAL_NULL_CONVERSION = YES;
				CLANG_WARN_OBJC_IMPLICIT_RETAIN_SELF = YES;
				CLANG_WARN_OBJC_LITERAL_CONVERSION = YES;
				CLANG_WARN_OBJC_ROOT_CLASS = YES_ERROR;
				CLANG_WARN_QUOTED_INCLUDE_IN_FRAMEWORK_HEADER = YES;
				CLANG_WARN_RANGE_LOOP_ANALYSIS = YES;
				CLANG_WARN_STRICT_PROTOTYPES = YES;
				CLANG_WARN_SUSPICIOUS_MOVE = YES;
				CLANG_WARN_UNGUARDED_AVAILABILITY = YES_AGGRESSIVE;
				CLANG_WARN_UNREACHABLE_CODE = YES;
				CLANG_WARN__DUPLICATE_METHOD_MATCH = YES;
				COPY_PHASE_STRIP = NO;
				DEBUG_INFORMATION_FORMAT = "dwarf-with-dsym";
				ENABLE_NS_ASSERTIONS = NO;
				ENABLE_STRICT_OBJC_MSGSEND = YES;
				GCC_C_LANGUAGE_STANDARD = gnu11;
				GCC_NO_COMMON_BLOCKS = YES;
				GCC_WARN_64_TO_32_BIT_CONVERSION = YES;
				GCC_WARN_ABOUT_RETURN_TYPE = YES_ERROR;
				GCC_WARN_UNDECLARED_SELECTOR = YES;
				GCC_WARN_UNINITIALIZED_AUTOS = YES_AGGRESSIVE;
				GCC_WARN_UNUSED_FUNCTION = YES;
				GCC_WARN_UNUSED_VARIABLE = YES;
				IPHONEOS_DEPLOYMENT_TARGET = 12.0;
				MTL_ENABLE_DEBUG_INFO = NO;
				MTL_FAST_MATH = YES;
				SDKROOT = iphoneos;
				SWIFT_COMPILATION_MODE = wholemodule;
				SWIFT_OPTIMIZATION_LEVEL = "-O";
				VALIDATE_PRODUCT = YES;
			};
			name = Release;
		};
		4DAEE80A27078AEB008D1D77 /* Debug */ = {
			isa = XCBuildConfiguration;
			buildSettings = {
				ASSETCATALOG_COMPILER_APPICON_NAME = AppIcon;
				ASSETCATALOG_COMPILER_GLOBAL_ACCENT_COLOR_NAME = AccentColor;
				CODE_SIGN_STYLE = Automatic;
				CURRENT_PROJECT_VERSION = 1;
				DEVELOPMENT_TEAM = X9HZ2QY6GJ;
				GENERATE_INFOPLIST_FILE = YES;
				INFOPLIST_FILE = StocksApp/Info.plist;
				INFOPLIST_KEY_UIApplicationSupportsIndirectInputEvents = YES;
				INFOPLIST_KEY_UILaunchStoryboardName = LaunchScreen;
				INFOPLIST_KEY_UISupportedInterfaceOrientations = UIInterfaceOrientationPortrait;
				INFOPLIST_KEY_UISupportedInterfaceOrientations_iPad = "UIInterfaceOrientationPortrait UIInterfaceOrientationPortraitUpsideDown UIInterfaceOrientationLandscapeLeft UIInterfaceOrientationLandscapeRight";
				INFOPLIST_KEY_UISupportedInterfaceOrientations_iPhone = UIInterfaceOrientationPortrait;
				IPHONEOS_DEPLOYMENT_TARGET = 12.0;
				LD_RUNPATH_SEARCH_PATHS = (
					"$(inherited)",
					"@executable_path/Frameworks",
				);
				MARKETING_VERSION = 1.0;
				PRODUCT_BUNDLE_IDENTIFIER = ru.SavvaShuliatev.StocksApp;
				PRODUCT_NAME = "$(TARGET_NAME)";
				SWIFT_EMIT_LOC_STRINGS = YES;
				SWIFT_VERSION = 5.0;
				TARGETED_DEVICE_FAMILY = 1;
			};
			name = Debug;
		};
		4DAEE80B27078AEB008D1D77 /* Release */ = {
			isa = XCBuildConfiguration;
			buildSettings = {
				ASSETCATALOG_COMPILER_APPICON_NAME = AppIcon;
				ASSETCATALOG_COMPILER_GLOBAL_ACCENT_COLOR_NAME = AccentColor;
				CODE_SIGN_STYLE = Automatic;
				CURRENT_PROJECT_VERSION = 1;
				DEVELOPMENT_TEAM = X9HZ2QY6GJ;
				GENERATE_INFOPLIST_FILE = YES;
				INFOPLIST_FILE = StocksApp/Info.plist;
				INFOPLIST_KEY_UIApplicationSupportsIndirectInputEvents = YES;
				INFOPLIST_KEY_UILaunchStoryboardName = LaunchScreen;
				INFOPLIST_KEY_UISupportedInterfaceOrientations = UIInterfaceOrientationPortrait;
				INFOPLIST_KEY_UISupportedInterfaceOrientations_iPad = "UIInterfaceOrientationPortrait UIInterfaceOrientationPortraitUpsideDown UIInterfaceOrientationLandscapeLeft UIInterfaceOrientationLandscapeRight";
				INFOPLIST_KEY_UISupportedInterfaceOrientations_iPhone = UIInterfaceOrientationPortrait;
				IPHONEOS_DEPLOYMENT_TARGET = 12.0;
				LD_RUNPATH_SEARCH_PATHS = (
					"$(inherited)",
					"@executable_path/Frameworks",
				);
				MARKETING_VERSION = 1.0;
				PRODUCT_BUNDLE_IDENTIFIER = ru.SavvaShuliatev.StocksApp;
				PRODUCT_NAME = "$(TARGET_NAME)";
				SWIFT_EMIT_LOC_STRINGS = YES;
				SWIFT_VERSION = 5.0;
				TARGETED_DEVICE_FAMILY = 1;
			};
			name = Release;
		};
/* End XCBuildConfiguration section */

/* Begin XCConfigurationList section */
		4DAEE7F027078AEA008D1D77 /* Build configuration list for PBXProject "StocksApp" */ = {
			isa = XCConfigurationList;
			buildConfigurations = (
				4DAEE80727078AEB008D1D77 /* Debug */,
				4DAEE80827078AEB008D1D77 /* Release */,
			);
			defaultConfigurationIsVisible = 0;
			defaultConfigurationName = Release;
		};
		4DAEE80927078AEB008D1D77 /* Build configuration list for PBXNativeTarget "StocksApp" */ = {
			isa = XCConfigurationList;
			buildConfigurations = (
				4DAEE80A27078AEB008D1D77 /* Debug */,
				4DAEE80B27078AEB008D1D77 /* Release */,
			);
			defaultConfigurationIsVisible = 0;
			defaultConfigurationName = Release;
		};
/* End XCConfigurationList section */

/* Begin XCVersionGroup section */
		4D24E16D27205A6600A30B58 /* TickerCoreDataModel.xcdatamodeld */ = {
			isa = XCVersionGroup;
			children = (
				4D24E16E27205A6600A30B58 /* TickerCoreDataModel.xcdatamodel */,
			);
			currentVersion = 4D24E16E27205A6600A30B58 /* TickerCoreDataModel.xcdatamodel */;
			path = TickerCoreDataModel.xcdatamodeld;
			sourceTree = "<group>";
			versionGroupType = wrapper.xcdatamodel;
		};
/* End XCVersionGroup section */
	};
	rootObject = 4DAEE7ED27078AEA008D1D77 /* Project object */;
}
