// !$*UTF8*$!
{
	archiveVersion = 1;
	classes = {
	};
	objectVersion = 55;
	objects = {

/* Begin PBXBuildFile section */
		4D3466612707923B003B4A99 /* MainPresenter.swift in Sources */ = {isa = PBXBuildFile; fileRef = 4D3466602707923B003B4A99 /* MainPresenter.swift */; };
		4D34666327079322003B4A99 /* ModuleBuilder.swift in Sources */ = {isa = PBXBuildFile; fileRef = 4D34666227079322003B4A99 /* ModuleBuilder.swift */; };
		4D34666727079591003B4A99 /* MainSearchCell.swift in Sources */ = {isa = PBXBuildFile; fileRef = 4D34666627079591003B4A99 /* MainSearchCell.swift */; };
		4D34666A270795C7003B4A99 /* SimpleButton.swift in Sources */ = {isa = PBXBuildFile; fileRef = 4D346669270795C7003B4A99 /* SimpleButton.swift */; };
		4D34666F27079858003B4A99 /* Styles.swift in Sources */ = {isa = PBXBuildFile; fileRef = 4D34666E27079858003B4A99 /* Styles.swift */; };
		4D34667127079865003B4A99 /* Localization.swift in Sources */ = {isa = PBXBuildFile; fileRef = 4D34667027079865003B4A99 /* Localization.swift */; };
		4D34667327079BE5003B4A99 /* UIColor + Extension.swift in Sources */ = {isa = PBXBuildFile; fileRef = 4D34667227079BE5003B4A99 /* UIColor + Extension.swift */; };
		4D3466752707A283003B4A99 /* MainStocksCell.swift in Sources */ = {isa = PBXBuildFile; fileRef = 4D3466742707A283003B4A99 /* MainStocksCell.swift */; };
		4D3466772707A4EA003B4A99 /* MainModel.swift in Sources */ = {isa = PBXBuildFile; fileRef = 4D3466762707A4EA003B4A99 /* MainModel.swift */; };
		4D3466792707A613003B4A99 /* MainStocksHeader.swift in Sources */ = {isa = PBXBuildFile; fileRef = 4D3466782707A613003B4A99 /* MainStocksHeader.swift */; };
		4D34667B2707AD46003B4A99 /* UIImage + Extension.swift in Sources */ = {isa = PBXBuildFile; fileRef = 4D34667A2707AD46003B4A99 /* UIImage + Extension.swift */; };
		4DAEE7F927078AEA008D1D77 /* AppDelegate.swift in Sources */ = {isa = PBXBuildFile; fileRef = 4DAEE7F827078AEA008D1D77 /* AppDelegate.swift */; };
		4DAEE80227078AEB008D1D77 /* Assets.xcassets in Resources */ = {isa = PBXBuildFile; fileRef = 4DAEE80127078AEB008D1D77 /* Assets.xcassets */; };
		4DAEE80527078AEB008D1D77 /* LaunchScreen.storyboard in Resources */ = {isa = PBXBuildFile; fileRef = 4DAEE80327078AEB008D1D77 /* LaunchScreen.storyboard */; };
		4DAEE80F27078BC5008D1D77 /* UIView + Extension.swift in Sources */ = {isa = PBXBuildFile; fileRef = 4DAEE80E27078BC5008D1D77 /* UIView + Extension.swift */; };
		4DAEE81127078C29008D1D77 /* MainViewController.swift in Sources */ = {isa = PBXBuildFile; fileRef = 4DAEE81027078C29008D1D77 /* MainViewController.swift */; };
		4DAEE81327078F22008D1D77 /* .gitignore in Resources */ = {isa = PBXBuildFile; fileRef = 4DAEE81227078F22008D1D77 /* .gitignore */; };
		4DAEE8192707903A008D1D77 /* MainStocksTableView.swift in Sources */ = {isa = PBXBuildFile; fileRef = 4DAEE81827079039008D1D77 /* MainStocksTableView.swift */; };
/* End PBXBuildFile section */

/* Begin PBXFileReference section */
		4D3466602707923B003B4A99 /* MainPresenter.swift */ = {isa = PBXFileReference; lastKnownFileType = sourcecode.swift; path = MainPresenter.swift; sourceTree = "<group>"; };
		4D34666227079322003B4A99 /* ModuleBuilder.swift */ = {isa = PBXFileReference; lastKnownFileType = sourcecode.swift; path = ModuleBuilder.swift; sourceTree = "<group>"; };
		4D34666627079591003B4A99 /* MainSearchCell.swift */ = {isa = PBXFileReference; lastKnownFileType = sourcecode.swift; path = MainSearchCell.swift; sourceTree = "<group>"; };
		4D346669270795C7003B4A99 /* SimpleButton.swift */ = {isa = PBXFileReference; lastKnownFileType = sourcecode.swift; path = SimpleButton.swift; sourceTree = "<group>"; };
		4D34666E27079858003B4A99 /* Styles.swift */ = {isa = PBXFileReference; lastKnownFileType = sourcecode.swift; path = Styles.swift; sourceTree = "<group>"; };
		4D34667027079865003B4A99 /* Localization.swift */ = {isa = PBXFileReference; lastKnownFileType = sourcecode.swift; path = Localization.swift; sourceTree = "<group>"; };
		4D34667227079BE5003B4A99 /* UIColor + Extension.swift */ = {isa = PBXFileReference; lastKnownFileType = sourcecode.swift; path = "UIColor + Extension.swift"; sourceTree = "<group>"; };
		4D3466742707A283003B4A99 /* MainStocksCell.swift */ = {isa = PBXFileReference; lastKnownFileType = sourcecode.swift; path = MainStocksCell.swift; sourceTree = "<group>"; };
		4D3466762707A4EA003B4A99 /* MainModel.swift */ = {isa = PBXFileReference; lastKnownFileType = sourcecode.swift; path = MainModel.swift; sourceTree = "<group>"; };
		4D3466782707A613003B4A99 /* MainStocksHeader.swift */ = {isa = PBXFileReference; lastKnownFileType = sourcecode.swift; path = MainStocksHeader.swift; sourceTree = "<group>"; };
		4D34667A2707AD46003B4A99 /* UIImage + Extension.swift */ = {isa = PBXFileReference; lastKnownFileType = sourcecode.swift; path = "UIImage + Extension.swift"; sourceTree = "<group>"; };
		4DAEE7F527078AEA008D1D77 /* StocksApp.app */ = {isa = PBXFileReference; explicitFileType = wrapper.application; includeInIndex = 0; path = StocksApp.app; sourceTree = BUILT_PRODUCTS_DIR; };
		4DAEE7F827078AEA008D1D77 /* AppDelegate.swift */ = {isa = PBXFileReference; lastKnownFileType = sourcecode.swift; path = AppDelegate.swift; sourceTree = "<group>"; };
		4DAEE80127078AEB008D1D77 /* Assets.xcassets */ = {isa = PBXFileReference; lastKnownFileType = folder.assetcatalog; path = Assets.xcassets; sourceTree = "<group>"; };
		4DAEE80427078AEB008D1D77 /* Base */ = {isa = PBXFileReference; lastKnownFileType = file.storyboard; name = Base; path = Base.lproj/LaunchScreen.storyboard; sourceTree = "<group>"; };
		4DAEE80627078AEB008D1D77 /* Info.plist */ = {isa = PBXFileReference; lastKnownFileType = text.plist.xml; path = Info.plist; sourceTree = "<group>"; };
		4DAEE80E27078BC5008D1D77 /* UIView + Extension.swift */ = {isa = PBXFileReference; lastKnownFileType = sourcecode.swift; path = "UIView + Extension.swift"; sourceTree = "<group>"; };
		4DAEE81027078C29008D1D77 /* MainViewController.swift */ = {isa = PBXFileReference; lastKnownFileType = sourcecode.swift; path = MainViewController.swift; sourceTree = "<group>"; };
		4DAEE81227078F22008D1D77 /* .gitignore */ = {isa = PBXFileReference; lastKnownFileType = text; path = .gitignore; sourceTree = "<group>"; };
		4DAEE81827079039008D1D77 /* MainStocksTableView.swift */ = {isa = PBXFileReference; lastKnownFileType = sourcecode.swift; path = MainStocksTableView.swift; sourceTree = "<group>"; };
/* End PBXFileReference section */

/* Begin PBXFrameworksBuildPhase section */
		4DAEE7F227078AEA008D1D77 /* Frameworks */ = {
			isa = PBXFrameworksBuildPhase;
			buildActionMask = 2147483647;
			files = (
			);
			runOnlyForDeploymentPostprocessing = 0;
		};
/* End PBXFrameworksBuildPhase section */

/* Begin PBXGroup section */
		4D34665D2707920B003B4A99 /* Model */ = {
			isa = PBXGroup;
			children = (
				4D3466762707A4EA003B4A99 /* MainModel.swift */,
			);
			path = Model;
			sourceTree = "<group>";
		};
		4D34665E27079212003B4A99 /* Presenter */ = {
			isa = PBXGroup;
			children = (
				4D3466602707923B003B4A99 /* MainPresenter.swift */,
			);
			path = Presenter;
			sourceTree = "<group>";
		};
		4D34665F2707921A003B4A99 /* View */ = {
			isa = PBXGroup;
			children = (
				4DAEE81027078C29008D1D77 /* MainViewController.swift */,
			);
			path = View;
			sourceTree = "<group>";
		};
		4D346664270793A2003B4A99 /* Localization */ = {
			isa = PBXGroup;
			children = (
				4D34667027079865003B4A99 /* Localization.swift */,
			);
			path = Localization;
			sourceTree = "<group>";
		};
		4D346665270793AD003B4A99 /* Styles */ = {
			isa = PBXGroup;
			children = (
				4D34666E27079858003B4A99 /* Styles.swift */,
			);
			path = Styles;
			sourceTree = "<group>";
		};
		4D346668270795A9003B4A99 /* SimpleButton */ = {
			isa = PBXGroup;
			children = (
				4D346669270795C7003B4A99 /* SimpleButton.swift */,
			);
			path = SimpleButton;
			sourceTree = "<group>";
		};
		4DAEE7EC27078AEA008D1D77 = {
			isa = PBXGroup;
			children = (
				4DAEE81227078F22008D1D77 /* .gitignore */,
				4DAEE7F727078AEA008D1D77 /* StocksApp */,
				4DAEE7F627078AEA008D1D77 /* Products */,
			);
			sourceTree = "<group>";
		};
		4DAEE7F627078AEA008D1D77 /* Products */ = {
			isa = PBXGroup;
			children = (
				4DAEE7F527078AEA008D1D77 /* StocksApp.app */,
			);
			name = Products;
			sourceTree = "<group>";
		};
		4DAEE7F727078AEA008D1D77 /* StocksApp */ = {
			isa = PBXGroup;
			children = (
				4DAEE80627078AEB008D1D77 /* Info.plist */,
				4DAEE80327078AEB008D1D77 /* LaunchScreen.storyboard */,
				4DAEE80127078AEB008D1D77 /* Assets.xcassets */,
				4DAEE7F827078AEA008D1D77 /* AppDelegate.swift */,
				4D34666227079322003B4A99 /* ModuleBuilder.swift */,
				4DAEE81427078FC0008D1D77 /* Modules */,
				4DAEE81627079012008D1D77 /* CustomUI */,
				4DAEE80C27078BA7008D1D77 /* Helpers */,
			);
			path = StocksApp;
			sourceTree = "<group>";
		};
		4DAEE80C27078BA7008D1D77 /* Helpers */ = {
			isa = PBXGroup;
			children = (
				4D346668270795A9003B4A99 /* SimpleButton */,
				4D346665270793AD003B4A99 /* Styles */,
				4D346664270793A2003B4A99 /* Localization */,
				4DAEE80D27078BB1008D1D77 /* Extensions */,
			);
			path = Helpers;
			sourceTree = "<group>";
		};
		4DAEE80D27078BB1008D1D77 /* Extensions */ = {
			isa = PBXGroup;
			children = (
				4DAEE80E27078BC5008D1D77 /* UIView + Extension.swift */,
				4D34667227079BE5003B4A99 /* UIColor + Extension.swift */,
				4D34667A2707AD46003B4A99 /* UIImage + Extension.swift */,
			);
			path = Extensions;
			sourceTree = "<group>";
		};
		4DAEE81427078FC0008D1D77 /* Modules */ = {
			isa = PBXGroup;
			children = (
				4DAEE81527078FC7008D1D77 /* MainModule */,
			);
			path = Modules;
			sourceTree = "<group>";
		};
		4DAEE81527078FC7008D1D77 /* MainModule */ = {
			isa = PBXGroup;
			children = (
				4D34665D2707920B003B4A99 /* Model */,
				4D34665F2707921A003B4A99 /* View */,
				4D34665E27079212003B4A99 /* Presenter */,
			);
			path = MainModule;
			sourceTree = "<group>";
		};
		4DAEE81627079012008D1D77 /* CustomUI */ = {
			isa = PBXGroup;
			children = (
				4DAEE81727079021008D1D77 /* ForMainModule */,
			);
			path = CustomUI;
			sourceTree = "<group>";
		};
		4DAEE81727079021008D1D77 /* ForMainModule */ = {
			isa = PBXGroup;
			children = (
				4DAEE81827079039008D1D77 /* MainStocksTableView.swift */,
				4D3466782707A613003B4A99 /* MainStocksHeader.swift */,
				4D34666627079591003B4A99 /* MainSearchCell.swift */,
				4D3466742707A283003B4A99 /* MainStocksCell.swift */,
			);
			path = ForMainModule;
			sourceTree = "<group>";
		};
/* End PBXGroup section */

/* Begin PBXNativeTarget section */
		4DAEE7F427078AEA008D1D77 /* StocksApp */ = {
			isa = PBXNativeTarget;
			buildConfigurationList = 4DAEE80927078AEB008D1D77 /* Build configuration list for PBXNativeTarget "StocksApp" */;
			buildPhases = (
				4DAEE7F127078AEA008D1D77 /* Sources */,
				4DAEE7F227078AEA008D1D77 /* Frameworks */,
				4DAEE7F327078AEA008D1D77 /* Resources */,
			);
			buildRules = (
			);
			dependencies = (
			);
			name = StocksApp;
			productName = StocksApp;
			productReference = 4DAEE7F527078AEA008D1D77 /* StocksApp.app */;
			productType = "com.apple.product-type.application";
		};
/* End PBXNativeTarget section */

/* Begin PBXProject section */
		4DAEE7ED27078AEA008D1D77 /* Project object */ = {
			isa = PBXProject;
			attributes = {
				BuildIndependentTargetsInParallel = 1;
				LastSwiftUpdateCheck = 1300;
				LastUpgradeCheck = 1300;
				TargetAttributes = {
					4DAEE7F427078AEA008D1D77 = {
						CreatedOnToolsVersion = 13.0;
					};
				};
			};
			buildConfigurationList = 4DAEE7F027078AEA008D1D77 /* Build configuration list for PBXProject "StocksApp" */;
			compatibilityVersion = "Xcode 13.0";
			developmentRegion = en;
			hasScannedForEncodings = 0;
			knownRegions = (
				en,
				Base,
			);
			mainGroup = 4DAEE7EC27078AEA008D1D77;
			productRefGroup = 4DAEE7F627078AEA008D1D77 /* Products */;
			projectDirPath = "";
			projectRoot = "";
			targets = (
				4DAEE7F427078AEA008D1D77 /* StocksApp */,
			);
		};
/* End PBXProject section */

/* Begin PBXResourcesBuildPhase section */
		4DAEE7F327078AEA008D1D77 /* Resources */ = {
			isa = PBXResourcesBuildPhase;
			buildActionMask = 2147483647;
			files = (
				4DAEE80527078AEB008D1D77 /* LaunchScreen.storyboard in Resources */,
				4DAEE81327078F22008D1D77 /* .gitignore in Resources */,
				4DAEE80227078AEB008D1D77 /* Assets.xcassets in Resources */,
			);
			runOnlyForDeploymentPostprocessing = 0;
		};
/* End PBXResourcesBuildPhase section */

/* Begin PBXSourcesBuildPhase section */
		4DAEE7F127078AEA008D1D77 /* Sources */ = {
			isa = PBXSourcesBuildPhase;
			buildActionMask = 2147483647;
			files = (
				4D34666F27079858003B4A99 /* Styles.swift in Sources */,
				4D3466772707A4EA003B4A99 /* MainModel.swift in Sources */,
				4D3466612707923B003B4A99 /* MainPresenter.swift in Sources */,
				4D3466792707A613003B4A99 /* MainStocksHeader.swift in Sources */,
				4DAEE81127078C29008D1D77 /* MainViewController.swift in Sources */,
				4D34666727079591003B4A99 /* MainSearchCell.swift in Sources */,
				4D34667327079BE5003B4A99 /* UIColor + Extension.swift in Sources */,
				4D34666A270795C7003B4A99 /* SimpleButton.swift in Sources */,
				4D34667B2707AD46003B4A99 /* UIImage + Extension.swift in Sources */,
				4DAEE80F27078BC5008D1D77 /* UIView + Extension.swift in Sources */,
				4D34667127079865003B4A99 /* Localization.swift in Sources */,
				4DAEE7F927078AEA008D1D77 /* AppDelegate.swift in Sources */,
				4DAEE8192707903A008D1D77 /* MainStocksTableView.swift in Sources */,
				4D34666327079322003B4A99 /* ModuleBuilder.swift in Sources */,
				4D3466752707A283003B4A99 /* MainStocksCell.swift in Sources */,
			);
			runOnlyForDeploymentPostprocessing = 0;
		};
/* End PBXSourcesBuildPhase section */

/* Begin PBXVariantGroup section */
		4DAEE80327078AEB008D1D77 /* LaunchScreen.storyboard */ = {
			isa = PBXVariantGroup;
			children = (
				4DAEE80427078AEB008D1D77 /* Base */,
			);
			name = LaunchScreen.storyboard;
			sourceTree = "<group>";
		};
/* End PBXVariantGroup section */

/* Begin XCBuildConfiguration section */
		4DAEE80727078AEB008D1D77 /* Debug */ = {
			isa = XCBuildConfiguration;
			buildSettings = {
				ALWAYS_SEARCH_USER_PATHS = NO;
				CLANG_ANALYZER_NONNULL = YES;
				CLANG_ANALYZER_NUMBER_OBJECT_CONVERSION = YES_AGGRESSIVE;
				CLANG_CXX_LANGUAGE_STANDARD = "gnu++17";
				CLANG_CXX_LIBRARY = "libc++";
				CLANG_ENABLE_MODULES = YES;
				CLANG_ENABLE_OBJC_ARC = YES;
				CLANG_ENABLE_OBJC_WEAK = YES;
				CLANG_WARN_BLOCK_CAPTURE_AUTORELEASING = YES;
				CLANG_WARN_BOOL_CONVERSION = YES;
				CLANG_WARN_COMMA = YES;
				CLANG_WARN_CONSTANT_CONVERSION = YES;
				CLANG_WARN_DEPRECATED_OBJC_IMPLEMENTATIONS = YES;
				CLANG_WARN_DIRECT_OBJC_ISA_USAGE = YES_ERROR;
				CLANG_WARN_DOCUMENTATION_COMMENTS = YES;
				CLANG_WARN_EMPTY_BODY = YES;
				CLANG_WARN_ENUM_CONVERSION = YES;
				CLANG_WARN_INFINITE_RECURSION = YES;
				CLANG_WARN_INT_CONVERSION = YES;
				CLANG_WARN_NON_LITERAL_NULL_CONVERSION = YES;
				CLANG_WARN_OBJC_IMPLICIT_RETAIN_SELF = YES;
				CLANG_WARN_OBJC_LITERAL_CONVERSION = YES;
				CLANG_WARN_OBJC_ROOT_CLASS = YES_ERROR;
				CLANG_WARN_QUOTED_INCLUDE_IN_FRAMEWORK_HEADER = YES;
				CLANG_WARN_RANGE_LOOP_ANALYSIS = YES;
				CLANG_WARN_STRICT_PROTOTYPES = YES;
				CLANG_WARN_SUSPICIOUS_MOVE = YES;
				CLANG_WARN_UNGUARDED_AVAILABILITY = YES_AGGRESSIVE;
				CLANG_WARN_UNREACHABLE_CODE = YES;
				CLANG_WARN__DUPLICATE_METHOD_MATCH = YES;
				COPY_PHASE_STRIP = NO;
				DEBUG_INFORMATION_FORMAT = dwarf;
				ENABLE_STRICT_OBJC_MSGSEND = YES;
				ENABLE_TESTABILITY = YES;
				GCC_C_LANGUAGE_STANDARD = gnu11;
				GCC_DYNAMIC_NO_PIC = NO;
				GCC_NO_COMMON_BLOCKS = YES;
				GCC_OPTIMIZATION_LEVEL = 0;
				GCC_PREPROCESSOR_DEFINITIONS = (
					"DEBUG=1",
					"$(inherited)",
				);
				GCC_WARN_64_TO_32_BIT_CONVERSION = YES;
				GCC_WARN_ABOUT_RETURN_TYPE = YES_ERROR;
				GCC_WARN_UNDECLARED_SELECTOR = YES;
				GCC_WARN_UNINITIALIZED_AUTOS = YES_AGGRESSIVE;
				GCC_WARN_UNUSED_FUNCTION = YES;
				GCC_WARN_UNUSED_VARIABLE = YES;
				IPHONEOS_DEPLOYMENT_TARGET = 12.0;
				MTL_ENABLE_DEBUG_INFO = INCLUDE_SOURCE;
				MTL_FAST_MATH = YES;
				ONLY_ACTIVE_ARCH = YES;
				SDKROOT = iphoneos;
				SWIFT_ACTIVE_COMPILATION_CONDITIONS = DEBUG;
				SWIFT_OPTIMIZATION_LEVEL = "-Onone";
			};
			name = Debug;
		};
		4DAEE80827078AEB008D1D77 /* Release */ = {
			isa = XCBuildConfiguration;
			buildSettings = {
				ALWAYS_SEARCH_USER_PATHS = NO;
				CLANG_ANALYZER_NONNULL = YES;
				CLANG_ANALYZER_NUMBER_OBJECT_CONVERSION = YES_AGGRESSIVE;
				CLANG_CXX_LANGUAGE_STANDARD = "gnu++17";
				CLANG_CXX_LIBRARY = "libc++";
				CLANG_ENABLE_MODULES = YES;
				CLANG_ENABLE_OBJC_ARC = YES;
				CLANG_ENABLE_OBJC_WEAK = YES;
				CLANG_WARN_BLOCK_CAPTURE_AUTORELEASING = YES;
				CLANG_WARN_BOOL_CONVERSION = YES;
				CLANG_WARN_COMMA = YES;
				CLANG_WARN_CONSTANT_CONVERSION = YES;
				CLANG_WARN_DEPRECATED_OBJC_IMPLEMENTATIONS = YES;
				CLANG_WARN_DIRECT_OBJC_ISA_USAGE = YES_ERROR;
				CLANG_WARN_DOCUMENTATION_COMMENTS = YES;
				CLANG_WARN_EMPTY_BODY = YES;
				CLANG_WARN_ENUM_CONVERSION = YES;
				CLANG_WARN_INFINITE_RECURSION = YES;
				CLANG_WARN_INT_CONVERSION = YES;
				CLANG_WARN_NON_LITERAL_NULL_CONVERSION = YES;
				CLANG_WARN_OBJC_IMPLICIT_RETAIN_SELF = YES;
				CLANG_WARN_OBJC_LITERAL_CONVERSION = YES;
				CLANG_WARN_OBJC_ROOT_CLASS = YES_ERROR;
				CLANG_WARN_QUOTED_INCLUDE_IN_FRAMEWORK_HEADER = YES;
				CLANG_WARN_RANGE_LOOP_ANALYSIS = YES;
				CLANG_WARN_STRICT_PROTOTYPES = YES;
				CLANG_WARN_SUSPICIOUS_MOVE = YES;
				CLANG_WARN_UNGUARDED_AVAILABILITY = YES_AGGRESSIVE;
				CLANG_WARN_UNREACHABLE_CODE = YES;
				CLANG_WARN__DUPLICATE_METHOD_MATCH = YES;
				COPY_PHASE_STRIP = NO;
				DEBUG_INFORMATION_FORMAT = "dwarf-with-dsym";
				ENABLE_NS_ASSERTIONS = NO;
				ENABLE_STRICT_OBJC_MSGSEND = YES;
				GCC_C_LANGUAGE_STANDARD = gnu11;
				GCC_NO_COMMON_BLOCKS = YES;
				GCC_WARN_64_TO_32_BIT_CONVERSION = YES;
				GCC_WARN_ABOUT_RETURN_TYPE = YES_ERROR;
				GCC_WARN_UNDECLARED_SELECTOR = YES;
				GCC_WARN_UNINITIALIZED_AUTOS = YES_AGGRESSIVE;
				GCC_WARN_UNUSED_FUNCTION = YES;
				GCC_WARN_UNUSED_VARIABLE = YES;
				IPHONEOS_DEPLOYMENT_TARGET = 12.0;
				MTL_ENABLE_DEBUG_INFO = NO;
				MTL_FAST_MATH = YES;
				SDKROOT = iphoneos;
				SWIFT_COMPILATION_MODE = wholemodule;
				SWIFT_OPTIMIZATION_LEVEL = "-O";
				VALIDATE_PRODUCT = YES;
			};
			name = Release;
		};
		4DAEE80A27078AEB008D1D77 /* Debug */ = {
			isa = XCBuildConfiguration;
			buildSettings = {
				ASSETCATALOG_COMPILER_APPICON_NAME = AppIcon;
				ASSETCATALOG_COMPILER_GLOBAL_ACCENT_COLOR_NAME = AccentColor;
				CODE_SIGN_STYLE = Automatic;
				CURRENT_PROJECT_VERSION = 1;
				DEVELOPMENT_TEAM = X9HZ2QY6GJ;
				GENERATE_INFOPLIST_FILE = YES;
				INFOPLIST_FILE = StocksApp/Info.plist;
				INFOPLIST_KEY_UIApplicationSupportsIndirectInputEvents = YES;
				INFOPLIST_KEY_UILaunchStoryboardName = LaunchScreen;
				INFOPLIST_KEY_UISupportedInterfaceOrientations = UIInterfaceOrientationPortrait;
				INFOPLIST_KEY_UISupportedInterfaceOrientations_iPad = "UIInterfaceOrientationPortrait UIInterfaceOrientationPortraitUpsideDown UIInterfaceOrientationLandscapeLeft UIInterfaceOrientationLandscapeRight";
				INFOPLIST_KEY_UISupportedInterfaceOrientations_iPhone = "UIInterfaceOrientationPortrait UIInterfaceOrientationLandscapeLeft UIInterfaceOrientationLandscapeRight";
				IPHONEOS_DEPLOYMENT_TARGET = 12.0;
				LD_RUNPATH_SEARCH_PATHS = (
					"$(inherited)",
					"@executable_path/Frameworks",
				);
				MARKETING_VERSION = 1.0;
				PRODUCT_BUNDLE_IDENTIFIER = ru.SavvaShuliatev.StocksApp;
				PRODUCT_NAME = "$(TARGET_NAME)";
				SWIFT_EMIT_LOC_STRINGS = YES;
				SWIFT_VERSION = 5.0;
				TARGETED_DEVICE_FAMILY = 1;
			};
			name = Debug;
		};
		4DAEE80B27078AEB008D1D77 /* Release */ = {
			isa = XCBuildConfiguration;
			buildSettings = {
				ASSETCATALOG_COMPILER_APPICON_NAME = AppIcon;
				ASSETCATALOG_COMPILER_GLOBAL_ACCENT_COLOR_NAME = AccentColor;
				CODE_SIGN_STYLE = Automatic;
				CURRENT_PROJECT_VERSION = 1;
				DEVELOPMENT_TEAM = X9HZ2QY6GJ;
				GENERATE_INFOPLIST_FILE = YES;
				INFOPLIST_FILE = StocksApp/Info.plist;
				INFOPLIST_KEY_UIApplicationSupportsIndirectInputEvents = YES;
				INFOPLIST_KEY_UILaunchStoryboardName = LaunchScreen;
				INFOPLIST_KEY_UISupportedInterfaceOrientations = UIInterfaceOrientationPortrait;
				INFOPLIST_KEY_UISupportedInterfaceOrientations_iPad = "UIInterfaceOrientationPortrait UIInterfaceOrientationPortraitUpsideDown UIInterfaceOrientationLandscapeLeft UIInterfaceOrientationLandscapeRight";
				INFOPLIST_KEY_UISupportedInterfaceOrientations_iPhone = "UIInterfaceOrientationPortrait UIInterfaceOrientationLandscapeLeft UIInterfaceOrientationLandscapeRight";
				IPHONEOS_DEPLOYMENT_TARGET = 12.0;
				LD_RUNPATH_SEARCH_PATHS = (
					"$(inherited)",
					"@executable_path/Frameworks",
				);
				MARKETING_VERSION = 1.0;
				PRODUCT_BUNDLE_IDENTIFIER = ru.SavvaShuliatev.StocksApp;
				PRODUCT_NAME = "$(TARGET_NAME)";
				SWIFT_EMIT_LOC_STRINGS = YES;
				SWIFT_VERSION = 5.0;
				TARGETED_DEVICE_FAMILY = 1;
			};
			name = Release;
		};
/* End XCBuildConfiguration section */

/* Begin XCConfigurationList section */
		4DAEE7F027078AEA008D1D77 /* Build configuration list for PBXProject "StocksApp" */ = {
			isa = XCConfigurationList;
			buildConfigurations = (
				4DAEE80727078AEB008D1D77 /* Debug */,
				4DAEE80827078AEB008D1D77 /* Release */,
			);
			defaultConfigurationIsVisible = 0;
			defaultConfigurationName = Release;
		};
		4DAEE80927078AEB008D1D77 /* Build configuration list for PBXNativeTarget "StocksApp" */ = {
			isa = XCConfigurationList;
			buildConfigurations = (
				4DAEE80A27078AEB008D1D77 /* Debug */,
				4DAEE80B27078AEB008D1D77 /* Release */,
			);
			defaultConfigurationIsVisible = 0;
			defaultConfigurationName = Release;
		};
/* End XCConfigurationList section */
	};
	rootObject = 4DAEE7ED27078AEA008D1D77 /* Project object */;
}
